
Microsoft Visual Studio Solution File, Format Version 12.00
# Visual Studio Version 16
VisualStudioVersion = 16.0.31321.278
MinimumVisualStudioVersion = 10.0.40219.1
Project("{FAE04EC0-301F-11D3-BF4B-00C04F79EFBC}") = "Antibot.Akamai", "Antibot.Akamai\Antibot.Akamai.csproj", "{DA276F6B-6D76-44F6-9C72-B31D407DA641}"
EndProject
Global
	GlobalSection(SolutionConfigurationPlatforms) = preSolution
		Debug|Any CPU = Debug|Any CPU
		Release|Any CPU = Release|Any CPU
	EndGlobalSection
	GlobalSection(ProjectConfigurationPlatforms) = postSolution
		{DA276F6B-6D76-44F6-9C72-B31D407DA641}.Debug|Any CPU.ActiveCfg = Debug|Any CPU
		{DA276F6B-6D76-44F6-9C72-B31D407DA641}.Debug|Any CPU.Build.0 = Debug|Any CPU
		{DA276F6B-6D76-44F6-9C72-B31D407DA641}.Release|Any CPU.ActiveCfg = Release|Any CPU
		{DA276F6B-6D76-44F6-9C72-B31D407DA641}.Release|Any CPU.Build.0 = Release|Any CPU
	EndGlobalSection
	GlobalSection(SolutionProperties) = preSolution
		HideSolutionNode = FALSE
	EndGlobalSection
	GlobalSection(ExtensibilityGlobals) = postSolution
		SolutionGuid = {B5AD662C-B15C-4AB3-A6F2-D53061A032D1}
	EndGlobalSection
EndGlobal
